
Microsoft Visual Studio Solution File, Format Version 12.00
# Visual Studio Version 16
VisualStudioVersion = 16.0.29709.97
MinimumVisualStudioVersion = 10.0.40219.1
Project("{FAE04EC0-301F-11D3-BF4B-00C04F79EFBC}") = "C Sharp Study Guide", "C Sharp Study Guide\C Sharp Study Guide.csproj", "{C918D946-FFCF-4BA7-991F-49CE6D6334A2}"
EndProject
Global
	GlobalSection(SolutionConfigurationPlatforms) = preSolution
		Debug|Any CPU = Debug|Any CPU
		Release|Any CPU = Release|Any CPU
	EndGlobalSection
	GlobalSection(ProjectConfigurationPlatforms) = postSolution
		{C918D946-FFCF-4BA7-991F-49CE6D6334A2}.Debug|Any CPU.ActiveCfg = Debug|Any CPU
		{C918D946-FFCF-4BA7-991F-49CE6D6334A2}.Debug|Any CPU.Build.0 = Debug|Any CPU
		{C918D946-FFCF-4BA7-991F-49CE6D6334A2}.Release|Any CPU.ActiveCfg = Release|Any CPU
		{C918D946-FFCF-4BA7-991F-49CE6D6334A2}.Release|Any CPU.Build.0 = Release|Any CPU
	EndGlobalSection
	GlobalSection(SolutionProperties) = preSolution
		HideSolutionNode = FALSE
	EndGlobalSection
	GlobalSection(ExtensibilityGlobals) = postSolution
		SolutionGuid = {E4C27C9A-7881-429A-A6E7-1F4B728F2A60}
	EndGlobalSection
EndGlobal
